
Microsoft Visual Studio Solution File, Format Version 12.00
# Visual Studio Version 17
VisualStudioVersion = 17.14.36127.28 d17.14
MinimumVisualStudioVersion = 10.0.40219.1
Project("{FAE04EC0-301F-11D3-BF4B-00C04F79EFBC}") = "ServicioMedico", "ServicioMedico.csproj", "{B2D874CD-3D0A-4602-895B-BA5E5E09F36E}"
EndProject
Global
	GlobalSection(SolutionConfigurationPlatforms) = preSolution
		Debug|Any CPU = Debug|Any CPU
		Release|Any CPU = Release|Any CPU
	EndGlobalSection
	GlobalSection(ProjectConfigurationPlatforms) = postSolution
		{B2D874CD-3D0A-4602-895B-BA5E5E09F36E}.Debug|Any CPU.ActiveCfg = Debug|Any CPU
		{B2D874CD-3D0A-4602-895B-BA5E5E09F36E}.Debug|Any CPU.Build.0 = Debug|Any CPU
		{B2D874CD-3D0A-4602-895B-BA5E5E09F36E}.Release|Any CPU.ActiveCfg = Release|Any CPU
		{B2D874CD-3D0A-4602-895B-BA5E5E09F36E}.Release|Any CPU.Build.0 = Release|Any CPU
	EndGlobalSection
	GlobalSection(SolutionProperties) = preSolution
		HideSolutionNode = FALSE
	EndGlobalSection
	GlobalSection(ExtensibilityGlobals) = postSolution
		SolutionGuid = {E17236E9-C0C1-4E9C-BC32-A7FAA3FC5107}
	EndGlobalSection
EndGlobal
